
Microsoft Visual Studio Solution File, Format Version 12.00
# Visual Studio Version 17
VisualStudioVersion = 17.9.34728.123
MinimumVisualStudioVersion = 10.0.40219.1
Project("{FAE04EC0-301F-11D3-BF4B-00C04F79EFBC}") = "AngularApp1.Server", "AngularApp1.Server\AngularApp1.Server.csproj", "{3898131B-E724-49BA-9A2A-E8E00DE5484A}"
EndProject
Project("{54A90642-561A-4BB1-A94E-469ADEE60C69}") = "angularapp1.client", "angularapp1.client\angularapp1.client.esproj", "{AFAFC6C2-9FC3-431B-A2D1-891FBE475A05}"
EndProject
Global
	GlobalSection(SolutionConfigurationPlatforms) = preSolution
		Debug|Any CPU = Debug|Any CPU
		Release|Any CPU = Release|Any CPU
	EndGlobalSection
	GlobalSection(ProjectConfigurationPlatforms) = postSolution
		{3898131B-E724-49BA-9A2A-E8E00DE5484A}.Debug|Any CPU.ActiveCfg = Debug|Any CPU
		{3898131B-E724-49BA-9A2A-E8E00DE5484A}.Debug|Any CPU.Build.0 = Debug|Any CPU
		{3898131B-E724-49BA-9A2A-E8E00DE5484A}.Release|Any CPU.ActiveCfg = Release|Any CPU
		{3898131B-E724-49BA-9A2A-E8E00DE5484A}.Release|Any CPU.Build.0 = Release|Any CPU
		{AFAFC6C2-9FC3-431B-A2D1-891FBE475A05}.Debug|Any CPU.ActiveCfg = Debug|Any CPU
		{AFAFC6C2-9FC3-431B-A2D1-891FBE475A05}.Debug|Any CPU.Build.0 = Debug|Any CPU
		{AFAFC6C2-9FC3-431B-A2D1-891FBE475A05}.Debug|Any CPU.Deploy.0 = Debug|Any CPU
		{AFAFC6C2-9FC3-431B-A2D1-891FBE475A05}.Release|Any CPU.ActiveCfg = Release|Any CPU
		{AFAFC6C2-9FC3-431B-A2D1-891FBE475A05}.Release|Any CPU.Build.0 = Release|Any CPU
		{AFAFC6C2-9FC3-431B-A2D1-891FBE475A05}.Release|Any CPU.Deploy.0 = Release|Any CPU
	EndGlobalSection
	GlobalSection(SolutionProperties) = preSolution
		HideSolutionNode = FALSE
	EndGlobalSection
	GlobalSection(ExtensibilityGlobals) = postSolution
		SolutionGuid = {F19E8E88-A0F6-46C4-87B9-B2C58CB7F280}
	EndGlobalSection
EndGlobal
